// !$*UTF8*$!
{
	archiveVersion = 1;
	classes = {
	};
	objectVersion = 55;
	objects = {

/* Begin PBXBuildFile section */
		843C202F27E0B26700D3AED2 /* Gotham-Bold.otf in Resources */ = {isa = PBXBuildFile; fileRef = 843C202C27E0B26700D3AED2 /* Gotham-Bold.otf */; };
		843C203027E0B26700D3AED2 /* Gotham-BookItalic.otf in Resources */ = {isa = PBXBuildFile; fileRef = 843C202D27E0B26700D3AED2 /* Gotham-BookItalic.otf */; };
		843C203127E0B26700D3AED2 /* Gotham-Black.otf in Resources */ = {isa = PBXBuildFile; fileRef = 843C202E27E0B26700D3AED2 /* Gotham-Black.otf */; };
		845DD7D527CCC9C800D3BB50 /* ProductHistoryTableViewCell.swift in Sources */ = {isa = PBXBuildFile; fileRef = 845DD7D427CCC9C800D3BB50 /* ProductHistoryTableViewCell.swift */; };
		8472AC3E27BCDC1D00E3C4E3 /* AppDelegate.swift in Sources */ = {isa = PBXBuildFile; fileRef = 8472AC3D27BCDC1D00E3C4E3 /* AppDelegate.swift */; };
		8472AC4027BCDC1D00E3C4E3 /* SceneDelegate.swift in Sources */ = {isa = PBXBuildFile; fileRef = 8472AC3F27BCDC1D00E3C4E3 /* SceneDelegate.swift */; };
		8472AC4527BCDC1D00E3C4E3 /* Main.storyboard in Resources */ = {isa = PBXBuildFile; fileRef = 8472AC4327BCDC1D00E3C4E3 /* Main.storyboard */; };
		8472AC4727BCDC1F00E3C4E3 /* Assets.xcassets in Resources */ = {isa = PBXBuildFile; fileRef = 8472AC4627BCDC1F00E3C4E3 /* Assets.xcassets */; };
		8472AC4A27BCDC1F00E3C4E3 /* LaunchScreen.storyboard in Resources */ = {isa = PBXBuildFile; fileRef = 8472AC4827BCDC1F00E3C4E3 /* LaunchScreen.storyboard */; };
		8472AC5227BCDFF300E3C4E3 /* GroceryItemViewController.swift in Sources */ = {isa = PBXBuildFile; fileRef = 8472AC5127BCDFF300E3C4E3 /* GroceryItemViewController.swift */; };
		847B36DF27D2022D00F9F975 /* DetailTableViewCell.swift in Sources */ = {isa = PBXBuildFile; fileRef = 847B36DE27D2022D00F9F975 /* DetailTableViewCell.swift */; };
		8492CBEE27C78C7B005CDD68 /* CellTableViewCell.swift in Sources */ = {isa = PBXBuildFile; fileRef = 8492CBED27C78C7B005CDD68 /* CellTableViewCell.swift */; };
		849B1BAF27C3751100AA799F /* ProductViewController.swift in Sources */ = {isa = PBXBuildFile; fileRef = 849B1BAE27C3751100AA799F /* ProductViewController.swift */; };
		84A2CEA727D0B9FE0037161B /* SearchTableViewCell.swift in Sources */ = {isa = PBXBuildFile; fileRef = 84A2CEA627D0B9FE0037161B /* SearchTableViewCell.swift */; };
		84A6B2E027D5E06E000F3D56 /* CartTableViewCell.swift in Sources */ = {isa = PBXBuildFile; fileRef = 84A6B2DF27D5E06E000F3D56 /* CartTableViewCell.swift */; };
		84DFE55427BF80A6009F2C2A /* ProfileViewController.swift in Sources */ = {isa = PBXBuildFile; fileRef = 84DFE55327BF80A6009F2C2A /* ProfileViewController.swift */; };
		84DFE55627BFA78E009F2C2A /* SearchViewController.swift in Sources */ = {isa = PBXBuildFile; fileRef = 84DFE55527BFA78E009F2C2A /* SearchViewController.swift */; };
		84DFE55827BFA803009F2C2A /* HistoryViewController.swift in Sources */ = {isa = PBXBuildFile; fileRef = 84DFE55727BFA803009F2C2A /* HistoryViewController.swift */; };
		84DFE55E27BFDB8A009F2C2A /* DetailsViewController.swift in Sources */ = {isa = PBXBuildFile; fileRef = 84DFE55D27BFDB8A009F2C2A /* DetailsViewController.swift */; };
		84E9B65027D3987700480385 /* CartViewController.swift in Sources */ = {isa = PBXBuildFile; fileRef = 84E9B64F27D3987700480385 /* CartViewController.swift */; };
/* End PBXBuildFile section */

/* Begin PBXFileReference section */
		843C202C27E0B26700D3AED2 /* Gotham-Bold.otf */ = {isa = PBXFileReference; lastKnownFileType = file; name = "Gotham-Bold.otf"; path = "../../../../../../Downloads/Font/Gotham-Font/Gotham-Bold.otf"; sourceTree = "<group>"; };
		843C202D27E0B26700D3AED2 /* Gotham-BookItalic.otf */ = {isa = PBXFileReference; lastKnownFileType = file; name = "Gotham-BookItalic.otf"; path = "../../../../../../Downloads/Font/Gotham-Font/Gotham-BookItalic.otf"; sourceTree = "<group>"; };
		843C202E27E0B26700D3AED2 /* Gotham-Black.otf */ = {isa = PBXFileReference; lastKnownFileType = file; name = "Gotham-Black.otf"; path = "../../../../../../Downloads/Font/Gotham-Font/Gotham-Black.otf"; sourceTree = "<group>"; };
		845DD7D427CCC9C800D3BB50 /* ProductHistoryTableViewCell.swift */ = {isa = PBXFileReference; lastKnownFileType = sourcecode.swift; path = ProductHistoryTableViewCell.swift; sourceTree = "<group>"; };
		8472AC3A27BCDC1D00E3C4E3 /* Grocery Application.app */ = {isa = PBXFileReference; explicitFileType = wrapper.application; includeInIndex = 0; path = "Grocery Application.app"; sourceTree = BUILT_PRODUCTS_DIR; };
		8472AC3D27BCDC1D00E3C4E3 /* AppDelegate.swift */ = {isa = PBXFileReference; lastKnownFileType = sourcecode.swift; path = AppDelegate.swift; sourceTree = "<group>"; };
		8472AC3F27BCDC1D00E3C4E3 /* SceneDelegate.swift */ = {isa = PBXFileReference; lastKnownFileType = sourcecode.swift; path = SceneDelegate.swift; sourceTree = "<group>"; };
		8472AC4427BCDC1D00E3C4E3 /* Base */ = {isa = PBXFileReference; lastKnownFileType = file.storyboard; name = Base; path = Base.lproj/Main.storyboard; sourceTree = "<group>"; };
		8472AC4627BCDC1F00E3C4E3 /* Assets.xcassets */ = {isa = PBXFileReference; lastKnownFileType = folder.assetcatalog; path = Assets.xcassets; sourceTree = "<group>"; };
		8472AC4927BCDC1F00E3C4E3 /* Base */ = {isa = PBXFileReference; lastKnownFileType = file.storyboard; name = Base; path = Base.lproj/LaunchScreen.storyboard; sourceTree = "<group>"; };
		8472AC4B27BCDC1F00E3C4E3 /* Info.plist */ = {isa = PBXFileReference; lastKnownFileType = text.plist.xml; path = Info.plist; sourceTree = "<group>"; };
		8472AC5127BCDFF300E3C4E3 /* GroceryItemViewController.swift */ = {isa = PBXFileReference; lastKnownFileType = sourcecode.swift; path = GroceryItemViewController.swift; sourceTree = "<group>"; };
		847B36DE27D2022D00F9F975 /* DetailTableViewCell.swift */ = {isa = PBXFileReference; lastKnownFileType = sourcecode.swift; path = DetailTableViewCell.swift; sourceTree = "<group>"; };
		8492CBED27C78C7B005CDD68 /* CellTableViewCell.swift */ = {isa = PBXFileReference; fileEncoding = 4; lastKnownFileType = sourcecode.swift; path = CellTableViewCell.swift; sourceTree = "<group>"; };
		849B1BAE27C3751100AA799F /* ProductViewController.swift */ = {isa = PBXFileReference; lastKnownFileType = sourcecode.swift; path = ProductViewController.swift; sourceTree = "<group>"; };
		84A2CEA627D0B9FE0037161B /* SearchTableViewCell.swift */ = {isa = PBXFileReference; lastKnownFileType = sourcecode.swift; path = SearchTableViewCell.swift; sourceTree = "<group>"; };
		84A6B2DF27D5E06E000F3D56 /* CartTableViewCell.swift */ = {isa = PBXFileReference; lastKnownFileType = sourcecode.swift; path = CartTableViewCell.swift; sourceTree = "<group>"; };
		84DFE55327BF80A6009F2C2A /* ProfileViewController.swift */ = {isa = PBXFileReference; lastKnownFileType = sourcecode.swift; path = ProfileViewController.swift; sourceTree = "<group>"; };
		84DFE55527BFA78E009F2C2A /* SearchViewController.swift */ = {isa = PBXFileReference; lastKnownFileType = sourcecode.swift; path = SearchViewController.swift; sourceTree = "<group>"; };
		84DFE55727BFA803009F2C2A /* HistoryViewController.swift */ = {isa = PBXFileReference; lastKnownFileType = sourcecode.swift; path = HistoryViewController.swift; sourceTree = "<group>"; };
		84DFE55D27BFDB8A009F2C2A /* DetailsViewController.swift */ = {isa = PBXFileReference; lastKnownFileType = sourcecode.swift; path = DetailsViewController.swift; sourceTree = "<group>"; };
		84E9B64F27D3987700480385 /* CartViewController.swift */ = {isa = PBXFileReference; lastKnownFileType = sourcecode.swift; path = CartViewController.swift; sourceTree = "<group>"; };
/* End PBXFileReference section */

/* Begin PBXFrameworksBuildPhase section */
		8472AC3727BCDC1D00E3C4E3 /* Frameworks */ = {
			isa = PBXFrameworksBuildPhase;
			buildActionMask = 2147483647;
			files = (
			);
			runOnlyForDeploymentPostprocessing = 0;
		};
/* End PBXFrameworksBuildPhase section */

/* Begin PBXGroup section */
		843C200D27E0ADF700D3AED2 /* Storyboard */ = {
			isa = PBXGroup;
			children = (
				8472AC4327BCDC1D00E3C4E3 /* Main.storyboard */,
				8472AC4827BCDC1F00E3C4E3 /* LaunchScreen.storyboard */,
			);
			path = Storyboard;
			sourceTree = "<group>";
		};
		843C200E27E0AE0B00D3AED2 /* ViewController */ = {
			isa = PBXGroup;
			children = (
				8472AC5127BCDFF300E3C4E3 /* GroceryItemViewController.swift */,
				84DFE55D27BFDB8A009F2C2A /* DetailsViewController.swift */,
				84DFE55327BF80A6009F2C2A /* ProfileViewController.swift */,
				84DFE55527BFA78E009F2C2A /* SearchViewController.swift */,
				849B1BAE27C3751100AA799F /* ProductViewController.swift */,
				84E9B64F27D3987700480385 /* CartViewController.swift */,
				84DFE55727BFA803009F2C2A /* HistoryViewController.swift */,
			);
			path = ViewController;
			sourceTree = "<group>";
		};
		843C200F27E0AEA200D3AED2 /* Cell */ = {
			isa = PBXGroup;
			children = (
				84A6B2DF27D5E06E000F3D56 /* CartTableViewCell.swift */,
				847B36DE27D2022D00F9F975 /* DetailTableViewCell.swift */,
				8492CBED27C78C7B005CDD68 /* CellTableViewCell.swift */,
				84A2CEA627D0B9FE0037161B /* SearchTableViewCell.swift */,
				845DD7D427CCC9C800D3BB50 /* ProductHistoryTableViewCell.swift */,
			);
			path = Cell;
			sourceTree = "<group>";
		};
		8472AC3127BCDC1D00E3C4E3 = {
			isa = PBXGroup;
			children = (
				8472AC3C27BCDC1D00E3C4E3 /* Grocery Application */,
				8472AC3B27BCDC1D00E3C4E3 /* Products */,
			);
			sourceTree = "<group>";
		};
		8472AC3B27BCDC1D00E3C4E3 /* Products */ = {
			isa = PBXGroup;
			children = (
				8472AC3A27BCDC1D00E3C4E3 /* Grocery Application.app */,
			);
			name = Products;
			sourceTree = "<group>";
		};
		8472AC3C27BCDC1D00E3C4E3 /* Grocery Application */ = {
			isa = PBXGroup;
			children = (
				843C200D27E0ADF700D3AED2 /* Storyboard */,
				843C200F27E0AEA200D3AED2 /* Cell */,
				843C200E27E0AE0B00D3AED2 /* ViewController */,
				8472AC3D27BCDC1D00E3C4E3 /* AppDelegate.swift */,
				8472AC3F27BCDC1D00E3C4E3 /* SceneDelegate.swift */,
				8472AC4627BCDC1F00E3C4E3 /* Assets.xcassets */,
				8472AC4B27BCDC1F00E3C4E3 /* Info.plist */,
				843C202E27E0B26700D3AED2 /* Gotham-Black.otf */,
				843C202C27E0B26700D3AED2 /* Gotham-Bold.otf */,
				843C202D27E0B26700D3AED2 /* Gotham-BookItalic.otf */,
			);
			path = "Grocery Application";
			sourceTree = "<group>";
		};
/* End PBXGroup section */

/* Begin PBXNativeTarget section */
		8472AC3927BCDC1D00E3C4E3 /* Grocery Application */ = {
			isa = PBXNativeTarget;
			buildConfigurationList = 8472AC4E27BCDC1F00E3C4E3 /* Build configuration list for PBXNativeTarget "Grocery Application" */;
			buildPhases = (
				8472AC3627BCDC1D00E3C4E3 /* Sources */,
				8472AC3727BCDC1D00E3C4E3 /* Frameworks */,
				8472AC3827BCDC1D00E3C4E3 /* Resources */,
			);
			buildRules = (
			);
			dependencies = (
			);
			name = "Grocery Application";
			productName = "Grocery Application";
			productReference = 8472AC3A27BCDC1D00E3C4E3 /* Grocery Application.app */;
			productType = "com.apple.product-type.application";
		};
/* End PBXNativeTarget section */

/* Begin PBXProject section */
		8472AC3227BCDC1D00E3C4E3 /* Project object */ = {
			isa = PBXProject;
			attributes = {
				BuildIndependentTargetsInParallel = 1;
				LastSwiftUpdateCheck = 1320;
				LastUpgradeCheck = 1320;
				TargetAttributes = {
					8472AC3927BCDC1D00E3C4E3 = {
						CreatedOnToolsVersion = 13.2.1;
					};
				};
			};
			buildConfigurationList = 8472AC3527BCDC1D00E3C4E3 /* Build configuration list for PBXProject "Grocery Application" */;
			compatibilityVersion = "Xcode 13.0";
			developmentRegion = en;
			hasScannedForEncodings = 0;
			knownRegions = (
				en,
				Base,
			);
			mainGroup = 8472AC3127BCDC1D00E3C4E3;
			productRefGroup = 8472AC3B27BCDC1D00E3C4E3 /* Products */;
			projectDirPath = "";
			projectRoot = "";
			targets = (
				8472AC3927BCDC1D00E3C4E3 /* Grocery Application */,
			);
		};
/* End PBXProject section */

/* Begin PBXResourcesBuildPhase section */
		8472AC3827BCDC1D00E3C4E3 /* Resources */ = {
			isa = PBXResourcesBuildPhase;
			buildActionMask = 2147483647;
			files = (
				843C203027E0B26700D3AED2 /* Gotham-BookItalic.otf in Resources */,
				843C203127E0B26700D3AED2 /* Gotham-Black.otf in Resources */,
				843C202F27E0B26700D3AED2 /* Gotham-Bold.otf in Resources */,
				8472AC4A27BCDC1F00E3C4E3 /* LaunchScreen.storyboard in Resources */,
				8472AC4727BCDC1F00E3C4E3 /* Assets.xcassets in Resources */,
				8472AC4527BCDC1D00E3C4E3 /* Main.storyboard in Resources */,
			);
			runOnlyForDeploymentPostprocessing = 0;
		};
/* End PBXResourcesBuildPhase section */

/* Begin PBXSourcesBuildPhase section */
		8472AC3627BCDC1D00E3C4E3 /* Sources */ = {
			isa = PBXSourcesBuildPhase;
			buildActionMask = 2147483647;
			files = (
				84DFE55427BF80A6009F2C2A /* ProfileViewController.swift in Sources */,
				84DFE55627BFA78E009F2C2A /* SearchViewController.swift in Sources */,
				84E9B65027D3987700480385 /* CartViewController.swift in Sources */,
				847B36DF27D2022D00F9F975 /* DetailTableViewCell.swift in Sources */,
				849B1BAF27C3751100AA799F /* ProductViewController.swift in Sources */,
				8472AC3E27BCDC1D00E3C4E3 /* AppDelegate.swift in Sources */,
				8492CBEE27C78C7B005CDD68 /* CellTableViewCell.swift in Sources */,
				8472AC4027BCDC1D00E3C4E3 /* SceneDelegate.swift in Sources */,
				84A2CEA727D0B9FE0037161B /* SearchTableViewCell.swift in Sources */,
				8472AC5227BCDFF300E3C4E3 /* GroceryItemViewController.swift in Sources */,
				84DFE55827BFA803009F2C2A /* HistoryViewController.swift in Sources */,
				84A6B2E027D5E06E000F3D56 /* CartTableViewCell.swift in Sources */,
				845DD7D527CCC9C800D3BB50 /* ProductHistoryTableViewCell.swift in Sources */,
				84DFE55E27BFDB8A009F2C2A /* DetailsViewController.swift in Sources */,
			);
			runOnlyForDeploymentPostprocessing = 0;
		};
/* End PBXSourcesBuildPhase section */

/* Begin PBXVariantGroup section */
		8472AC4327BCDC1D00E3C4E3 /* Main.storyboard */ = {
			isa = PBXVariantGroup;
			children = (
				8472AC4427BCDC1D00E3C4E3 /* Base */,
			);
			name = Main.storyboard;
			sourceTree = "<group>";
		};
		8472AC4827BCDC1F00E3C4E3 /* LaunchScreen.storyboard */ = {
			isa = PBXVariantGroup;
			children = (
				8472AC4927BCDC1F00E3C4E3 /* Base */,
			);
			name = LaunchScreen.storyboard;
			sourceTree = "<group>";
		};
/* End PBXVariantGroup section */

/* Begin XCBuildConfiguration section */
		8472AC4C27BCDC1F00E3C4E3 /* Debug */ = {
			isa = XCBuildConfiguration;
			buildSettings = {
				ALWAYS_SEARCH_USER_PATHS = NO;
				CLANG_ANALYZER_NONNULL = YES;
				CLANG_ANALYZER_NUMBER_OBJECT_CONVERSION = YES_AGGRESSIVE;
				CLANG_CXX_LANGUAGE_STANDARD = "gnu++17";
				CLANG_CXX_LIBRARY = "libc++";
				CLANG_ENABLE_MODULES = YES;
				CLANG_ENABLE_OBJC_ARC = YES;
				CLANG_ENABLE_OBJC_WEAK = YES;
				CLANG_WARN_BLOCK_CAPTURE_AUTORELEASING = YES;
				CLANG_WARN_BOOL_CONVERSION = YES;
				CLANG_WARN_COMMA = YES;
				CLANG_WARN_CONSTANT_CONVERSION = YES;
				CLANG_WARN_DEPRECATED_OBJC_IMPLEMENTATIONS = YES;
				CLANG_WARN_DIRECT_OBJC_ISA_USAGE = YES_ERROR;
				CLANG_WARN_DOCUMENTATION_COMMENTS = YES;
				CLANG_WARN_EMPTY_BODY = YES;
				CLANG_WARN_ENUM_CONVERSION = YES;
				CLANG_WARN_INFINITE_RECURSION = YES;
				CLANG_WARN_INT_CONVERSION = YES;
				CLANG_WARN_NON_LITERAL_NULL_CONVERSION = YES;
				CLANG_WARN_OBJC_IMPLICIT_RETAIN_SELF = YES;
				CLANG_WARN_OBJC_LITERAL_CONVERSION = YES;
				CLANG_WARN_OBJC_ROOT_CLASS = YES_ERROR;
				CLANG_WARN_QUOTED_INCLUDE_IN_FRAMEWORK_HEADER = YES;
				CLANG_WARN_RANGE_LOOP_ANALYSIS = YES;
				CLANG_WARN_STRICT_PROTOTYPES = YES;
				CLANG_WARN_SUSPICIOUS_MOVE = YES;
				CLANG_WARN_UNGUARDED_AVAILABILITY = YES_AGGRESSIVE;
				CLANG_WARN_UNREACHABLE_CODE = YES;
				CLANG_WARN__DUPLICATE_METHOD_MATCH = YES;
				COPY_PHASE_STRIP = NO;
				DEBUG_INFORMATION_FORMAT = dwarf;
				ENABLE_STRICT_OBJC_MSGSEND = YES;
				ENABLE_TESTABILITY = YES;
				GCC_C_LANGUAGE_STANDARD = gnu11;
				GCC_DYNAMIC_NO_PIC = NO;
				GCC_NO_COMMON_BLOCKS = YES;
				GCC_OPTIMIZATION_LEVEL = 0;
				GCC_PREPROCESSOR_DEFINITIONS = (
					"DEBUG=1",
					"$(inherited)",
				);
				GCC_WARN_64_TO_32_BIT_CONVERSION = YES;
				GCC_WARN_ABOUT_RETURN_TYPE = YES_ERROR;
				GCC_WARN_UNDECLARED_SELECTOR = YES;
				GCC_WARN_UNINITIALIZED_AUTOS = YES_AGGRESSIVE;
				GCC_WARN_UNUSED_FUNCTION = YES;
				GCC_WARN_UNUSED_VARIABLE = YES;
				IPHONEOS_DEPLOYMENT_TARGET = 15.2;
				MTL_ENABLE_DEBUG_INFO = INCLUDE_SOURCE;
				MTL_FAST_MATH = YES;
				ONLY_ACTIVE_ARCH = YES;
				SDKROOT = iphoneos;
				SWIFT_ACTIVE_COMPILATION_CONDITIONS = DEBUG;
				SWIFT_OPTIMIZATION_LEVEL = "-Onone";
			};
			name = Debug;
		};
		8472AC4D27BCDC1F00E3C4E3 /* Release */ = {
			isa = XCBuildConfiguration;
			buildSettings = {
				ALWAYS_SEARCH_USER_PATHS = NO;
				CLANG_ANALYZER_NONNULL = YES;
				CLANG_ANALYZER_NUMBER_OBJECT_CONVERSION = YES_AGGRESSIVE;
				CLANG_CXX_LANGUAGE_STANDARD = "gnu++17";
				CLANG_CXX_LIBRARY = "libc++";
				CLANG_ENABLE_MODULES = YES;
				CLANG_ENABLE_OBJC_ARC = YES;
				CLANG_ENABLE_OBJC_WEAK = YES;
				CLANG_WARN_BLOCK_CAPTURE_AUTORELEASING = YES;
				CLANG_WARN_BOOL_CONVERSION = YES;
				CLANG_WARN_COMMA = YES;
				CLANG_WARN_CONSTANT_CONVERSION = YES;
				CLANG_WARN_DEPRECATED_OBJC_IMPLEMENTATIONS = YES;
				CLANG_WARN_DIRECT_OBJC_ISA_USAGE = YES_ERROR;
				CLANG_WARN_DOCUMENTATION_COMMENTS = YES;
				CLANG_WARN_EMPTY_BODY = YES;
				CLANG_WARN_ENUM_CONVERSION = YES;
				CLANG_WARN_INFINITE_RECURSION = YES;
				CLANG_WARN_INT_CONVERSION = YES;
				CLANG_WARN_NON_LITERAL_NULL_CONVERSION = YES;
				CLANG_WARN_OBJC_IMPLICIT_RETAIN_SELF = YES;
				CLANG_WARN_OBJC_LITERAL_CONVERSION = YES;
				CLANG_WARN_OBJC_ROOT_CLASS = YES_ERROR;
				CLANG_WARN_QUOTED_INCLUDE_IN_FRAMEWORK_HEADER = YES;
				CLANG_WARN_RANGE_LOOP_ANALYSIS = YES;
				CLANG_WARN_STRICT_PROTOTYPES = YES;
				CLANG_WARN_SUSPICIOUS_MOVE = YES;
				CLANG_WARN_UNGUARDED_AVAILABILITY = YES_AGGRESSIVE;
				CLANG_WARN_UNREACHABLE_CODE = YES;
				CLANG_WARN__DUPLICATE_METHOD_MATCH = YES;
				COPY_PHASE_STRIP = NO;
				DEBUG_INFORMATION_FORMAT = "dwarf-with-dsym";
				ENABLE_NS_ASSERTIONS = NO;
				ENABLE_STRICT_OBJC_MSGSEND = YES;
				GCC_C_LANGUAGE_STANDARD = gnu11;
				GCC_NO_COMMON_BLOCKS = YES;
				GCC_WARN_64_TO_32_BIT_CONVERSION = YES;
				GCC_WARN_ABOUT_RETURN_TYPE = YES_ERROR;
				GCC_WARN_UNDECLARED_SELECTOR = YES;
				GCC_WARN_UNINITIALIZED_AUTOS = YES_AGGRESSIVE;
				GCC_WARN_UNUSED_FUNCTION = YES;
				GCC_WARN_UNUSED_VARIABLE = YES;
				IPHONEOS_DEPLOYMENT_TARGET = 15.2;
				MTL_ENABLE_DEBUG_INFO = NO;
				MTL_FAST_MATH = YES;
				SDKROOT = iphoneos;
				SWIFT_COMPILATION_MODE = wholemodule;
				SWIFT_OPTIMIZATION_LEVEL = "-O";
				VALIDATE_PRODUCT = YES;
			};
			name = Release;
		};
		8472AC4F27BCDC1F00E3C4E3 /* Debug */ = {
			isa = XCBuildConfiguration;
			buildSettings = {
				ASSETCATALOG_COMPILER_APPICON_NAME = AppIcon;
				ASSETCATALOG_COMPILER_GLOBAL_ACCENT_COLOR_NAME = AccentColor;
				CODE_SIGN_STYLE = Automatic;
				CURRENT_PROJECT_VERSION = 1;
				GENERATE_INFOPLIST_FILE = YES;
				INFOPLIST_FILE = "Grocery Application/Info.plist";
				INFOPLIST_KEY_UIApplicationSupportsIndirectInputEvents = YES;
				INFOPLIST_KEY_UILaunchStoryboardName = LaunchScreen;
				INFOPLIST_KEY_UIMainStoryboardFile = Main;
				INFOPLIST_KEY_UISupportedInterfaceOrientations_iPad = "UIInterfaceOrientationPortrait UIInterfaceOrientationPortraitUpsideDown UIInterfaceOrientationLandscapeLeft UIInterfaceOrientationLandscapeRight";
				INFOPLIST_KEY_UISupportedInterfaceOrientations_iPhone = "UIInterfaceOrientationPortrait UIInterfaceOrientationLandscapeLeft UIInterfaceOrientationLandscapeRight";
				LD_RUNPATH_SEARCH_PATHS = (
					"$(inherited)",
					"@executable_path/Frameworks",
				);
				MARKETING_VERSION = 1.0;
				PRODUCT_BUNDLE_IDENTIFIER = "com.magneto.Grocery-Application";
				PRODUCT_NAME = "$(TARGET_NAME)";
				SWIFT_EMIT_LOC_STRINGS = YES;
				SWIFT_VERSION = 5.0;
				TARGETED_DEVICE_FAMILY = "1,2";
			};
			name = Debug;
		};
		8472AC5027BCDC1F00E3C4E3 /* Release */ = {
			isa = XCBuildConfiguration;
			buildSettings = {
				ASSETCATALOG_COMPILER_APPICON_NAME = AppIcon;
				ASSETCATALOG_COMPILER_GLOBAL_ACCENT_COLOR_NAME = AccentColor;
				CODE_SIGN_STYLE = Automatic;
				CURRENT_PROJECT_VERSION = 1;
				GENERATE_INFOPLIST_FILE = YES;
				INFOPLIST_FILE = "Grocery Application/Info.plist";
				INFOPLIST_KEY_UIApplicationSupportsIndirectInputEvents = YES;
				INFOPLIST_KEY_UILaunchStoryboardName = LaunchScreen;
				INFOPLIST_KEY_UIMainStoryboardFile = Main;
				INFOPLIST_KEY_UISupportedInterfaceOrientations_iPad = "UIInterfaceOrientationPortrait UIInterfaceOrientationPortraitUpsideDown UIInterfaceOrientationLandscapeLeft UIInterfaceOrientationLandscapeRight";
				INFOPLIST_KEY_UISupportedInterfaceOrientations_iPhone = "UIInterfaceOrientationPortrait UIInterfaceOrientationLandscapeLeft UIInterfaceOrientationLandscapeRight";
				LD_RUNPATH_SEARCH_PATHS = (
					"$(inherited)",
					"@executable_path/Frameworks",
				);
				MARKETING_VERSION = 1.0;
				PRODUCT_BUNDLE_IDENTIFIER = "com.magneto.Grocery-Application";
				PRODUCT_NAME = "$(TARGET_NAME)";
				SWIFT_EMIT_LOC_STRINGS = YES;
				SWIFT_VERSION = 5.0;
				TARGETED_DEVICE_FAMILY = "1,2";
			};
			name = Release;
		};
/* End XCBuildConfiguration section */

/* Begin XCConfigurationList section */
		8472AC3527BCDC1D00E3C4E3 /* Build configuration list for PBXProject "Grocery Application" */ = {
			isa = XCConfigurationList;
			buildConfigurations = (
				8472AC4C27BCDC1F00E3C4E3 /* Debug */,
				8472AC4D27BCDC1F00E3C4E3 /* Release */,
			);
			defaultConfigurationIsVisible = 0;
			defaultConfigurationName = Release;
		};
		8472AC4E27BCDC1F00E3C4E3 /* Build configuration list for PBXNativeTarget "Grocery Application" */ = {
			isa = XCConfigurationList;
			buildConfigurations = (
				8472AC4F27BCDC1F00E3C4E3 /* Debug */,
				8472AC5027BCDC1F00E3C4E3 /* Release */,
			);
			defaultConfigurationIsVisible = 0;
			defaultConfigurationName = Release;
		};
/* End XCConfigurationList section */
	};
	rootObject = 8472AC3227BCDC1D00E3C4E3 /* Project object */;
}
